
Microsoft Visual Studio Solution File, Format Version 12.00
# Visual Studio Version 16
VisualStudioVersion = 16.0.29814.53
MinimumVisualStudioVersion = 10.0.40219.1
Project("{2150E333-8FDC-42A3-9474-1A3956D46DE8}") = "DataAccessLayer", "DataAccessLayer", "{C15D9D2D-1090-44C0-9C73-8134DF53484B}"
EndProject
Project("{2150E333-8FDC-42A3-9474-1A3956D46DE8}") = "BusinessLogicLayer", "BusinessLogicLayer", "{29043CE5-D7AC-46C8-AC5B-811BC3102FAF}"
EndProject
Project("{2150E333-8FDC-42A3-9474-1A3956D46DE8}") = "App", "App", "{38DE8609-594B-42A1-ABD0-590298307EB7}"
EndProject
Project("{9A19103F-16F7-4668-BE54-9A1E7A4F7556}") = "DataAccess", "DataAccess\DataAccess.csproj", "{859CC07A-04DC-473A-B024-70267500A718}"
EndProject
Project("{9A19103F-16F7-4668-BE54-9A1E7A4F7556}") = "BusinessLogic", "BusinessLogic\BusinessLogic.csproj", "{C329B34C-FA53-49F0-BCD8-39F426D8FD81}"
EndProject
Project("{9A19103F-16F7-4668-BE54-9A1E7A4F7556}") = "BusinessObject", "BusinessObject\BusinessObject.csproj", "{32200634-FD0F-48E4-A636-FDCE0EC37105}"
EndProject
Project("{9A19103F-16F7-4668-BE54-9A1E7A4F7556}") = "API", "API\API.csproj", "{D31EB69E-7026-475D-A7BF-9364CA79DF58}"
EndProject
Project("{9A19103F-16F7-4668-BE54-9A1E7A4F7556}") = "DataObject", "DataObject\DataObject.csproj", "{F63DD05D-6649-4120-AB5B-201BC6170491}"
EndProject
Global
	GlobalSection(SolutionConfigurationPlatforms) = preSolution
		Debug|Any CPU = Debug|Any CPU
		Release|Any CPU = Release|Any CPU
	EndGlobalSection
	GlobalSection(ProjectConfigurationPlatforms) = postSolution
		{859CC07A-04DC-473A-B024-70267500A718}.Debug|Any CPU.ActiveCfg = Debug|Any CPU
		{859CC07A-04DC-473A-B024-70267500A718}.Debug|Any CPU.Build.0 = Debug|Any CPU
		{859CC07A-04DC-473A-B024-70267500A718}.Release|Any CPU.ActiveCfg = Release|Any CPU
		{859CC07A-04DC-473A-B024-70267500A718}.Release|Any CPU.Build.0 = Release|Any CPU
		{C329B34C-FA53-49F0-BCD8-39F426D8FD81}.Debug|Any CPU.ActiveCfg = Debug|Any CPU
		{C329B34C-FA53-49F0-BCD8-39F426D8FD81}.Debug|Any CPU.Build.0 = Debug|Any CPU
		{C329B34C-FA53-49F0-BCD8-39F426D8FD81}.Release|Any CPU.ActiveCfg = Release|Any CPU
		{C329B34C-FA53-49F0-BCD8-39F426D8FD81}.Release|Any CPU.Build.0 = Release|Any CPU
		{32200634-FD0F-48E4-A636-FDCE0EC37105}.Debug|Any CPU.ActiveCfg = Debug|Any CPU
		{32200634-FD0F-48E4-A636-FDCE0EC37105}.Debug|Any CPU.Build.0 = Debug|Any CPU
		{32200634-FD0F-48E4-A636-FDCE0EC37105}.Release|Any CPU.ActiveCfg = Release|Any CPU
		{32200634-FD0F-48E4-A636-FDCE0EC37105}.Release|Any CPU.Build.0 = Release|Any CPU
		{D31EB69E-7026-475D-A7BF-9364CA79DF58}.Debug|Any CPU.ActiveCfg = Debug|Any CPU
		{D31EB69E-7026-475D-A7BF-9364CA79DF58}.Debug|Any CPU.Build.0 = Debug|Any CPU
		{D31EB69E-7026-475D-A7BF-9364CA79DF58}.Release|Any CPU.ActiveCfg = Release|Any CPU
		{D31EB69E-7026-475D-A7BF-9364CA79DF58}.Release|Any CPU.Build.0 = Release|Any CPU
		{F63DD05D-6649-4120-AB5B-201BC6170491}.Debug|Any CPU.ActiveCfg = Debug|Any CPU
		{F63DD05D-6649-4120-AB5B-201BC6170491}.Debug|Any CPU.Build.0 = Debug|Any CPU
		{F63DD05D-6649-4120-AB5B-201BC6170491}.Release|Any CPU.ActiveCfg = Release|Any CPU
		{F63DD05D-6649-4120-AB5B-201BC6170491}.Release|Any CPU.Build.0 = Release|Any CPU
	EndGlobalSection
	GlobalSection(SolutionProperties) = preSolution
		HideSolutionNode = FALSE
	EndGlobalSection
	GlobalSection(NestedProjects) = preSolution
		{859CC07A-04DC-473A-B024-70267500A718} = {C15D9D2D-1090-44C0-9C73-8134DF53484B}
		{C329B34C-FA53-49F0-BCD8-39F426D8FD81} = {29043CE5-D7AC-46C8-AC5B-811BC3102FAF}
		{32200634-FD0F-48E4-A636-FDCE0EC37105} = {29043CE5-D7AC-46C8-AC5B-811BC3102FAF}
		{D31EB69E-7026-475D-A7BF-9364CA79DF58} = {38DE8609-594B-42A1-ABD0-590298307EB7}
		{F63DD05D-6649-4120-AB5B-201BC6170491} = {C15D9D2D-1090-44C0-9C73-8134DF53484B}
	EndGlobalSection
	GlobalSection(ExtensibilityGlobals) = postSolution
		SolutionGuid = {F73472FE-2809-499A-94BD-FA4C631707E4}
	EndGlobalSection
EndGlobal
